// !$*UTF8*$!
{
	archiveVersion = 1;
	classes = {
	};
	objectVersion = 56;
	objects = {

/* Begin PBXBuildFile section */
		0656D7CEE9CDA8B18D3EAAA2 /* Pods_Tracker.framework in Frameworks */ = {isa = PBXBuildFile; fileRef = 634242AE56AD8CC9EC909844 /* Pods_Tracker.framework */; };
		910C998F2ACDEFFC00931D57 /* StaticticsViewController.swift in Sources */ = {isa = PBXBuildFile; fileRef = 910C998E2ACDEFFC00931D57 /* StaticticsViewController.swift */; };
		910C99912ACE044300931D57 /* AddTrackerViewController.swift in Sources */ = {isa = PBXBuildFile; fileRef = 910C99902ACE044300931D57 /* AddTrackerViewController.swift */; };
		9118AA6A2B4F67590067F306 /* FilterViewController.swift in Sources */ = {isa = PBXBuildFile; fileRef = 9118AA692B4F67590067F306 /* FilterViewController.swift */; };
		9118AA6C2B4F67A70067F306 /* FilterCell.swift in Sources */ = {isa = PBXBuildFile; fileRef = 9118AA6B2B4F67A70067F306 /* FilterCell.swift */; };
		9118AA6E2B4FA59D0067F306 /* StatisticsCell.swift in Sources */ = {isa = PBXBuildFile; fileRef = 9118AA6D2B4FA59D0067F306 /* StatisticsCell.swift */; };
		9118AA7B2B50149A0067F306 /* Localizable.strings in Resources */ = {isa = PBXBuildFile; fileRef = 9118AA7D2B50149A0067F306 /* Localizable.strings */; };
		9118AA822B501ABC0067F306 /* Localizable.stringsdict in Resources */ = {isa = PBXBuildFile; fileRef = 9118AA842B501ABC0067F306 /* Localizable.stringsdict */; };
		9118AA882B50234D0067F306 /* InlineSnapshotTesting in Frameworks */ = {isa = PBXBuildFile; productRef = 9118AA872B50234D0067F306 /* InlineSnapshotTesting */; };
		9118AA8A2B50234D0067F306 /* SnapshotTesting in Frameworks */ = {isa = PBXBuildFile; productRef = 9118AA892B50234D0067F306 /* SnapshotTesting */; };
		9118AA922B5023C90067F306 /* TrackerTests.swift in Sources */ = {isa = PBXBuildFile; fileRef = 9118AA912B5023C90067F306 /* TrackerTests.swift */; };
		912E017A2B388E5B00813647 /* OnboardingPageViewController.swift in Sources */ = {isa = PBXBuildFile; fileRef = 912E01792B388E5B00813647 /* OnboardingPageViewController.swift */; };
		912E017C2B39B5F900813647 /* OnboardingViewController.swift in Sources */ = {isa = PBXBuildFile; fileRef = 912E017B2B39B5F900813647 /* OnboardingViewController.swift */; };
		912E019E2B3E34FD00813647 /* CreateCategoryViewController.swift in Sources */ = {isa = PBXBuildFile; fileRef = 912E019D2B3E34FD00813647 /* CreateCategoryViewController.swift */; };
		912E01A02B3E4EA500813647 /* CategoryCell.swift in Sources */ = {isa = PBXBuildFile; fileRef = 912E019F2B3E4EA500813647 /* CategoryCell.swift */; };
		912E01A22B3E67F800813647 /* CategoryViewModel.swift in Sources */ = {isa = PBXBuildFile; fileRef = 912E01A12B3E67F800813647 /* CategoryViewModel.swift */; };
		912E01A42B3E69C400813647 /* Observable.swift in Sources */ = {isa = PBXBuildFile; fileRef = 912E01A32B3E69C400813647 /* Observable.swift */; };
		91469F232AA6876B003A3B06 /* AppDelegate.swift in Sources */ = {isa = PBXBuildFile; fileRef = 91469F222AA6876B003A3B06 /* AppDelegate.swift */; };
		91469F252AA6876B003A3B06 /* SceneDelegate.swift in Sources */ = {isa = PBXBuildFile; fileRef = 91469F242AA6876B003A3B06 /* SceneDelegate.swift */; };
		91469F272AA6876B003A3B06 /* TrackersViewController.swift in Sources */ = {isa = PBXBuildFile; fileRef = 91469F262AA6876B003A3B06 /* TrackersViewController.swift */; };
		91469F2C2AA6876D003A3B06 /* Assets.xcassets in Resources */ = {isa = PBXBuildFile; fileRef = 91469F2B2AA6876D003A3B06 /* Assets.xcassets */; };
		91469F2F2AA6876D003A3B06 /* LaunchScreen.storyboard in Resources */ = {isa = PBXBuildFile; fileRef = 91469F2D2AA6876D003A3B06 /* LaunchScreen.storyboard */; };
		915EB0AF2AD71C6D0083981B /* CreateTrackerCell.swift in Sources */ = {isa = PBXBuildFile; fileRef = 915EB0AE2AD71C6D0083981B /* CreateTrackerCell.swift */; };
		9178020C2B344817008289E2 /* ErrorReporting.swift in Sources */ = {isa = PBXBuildFile; fileRef = 9178020B2B344817008289E2 /* ErrorReporting.swift */; };
		917A84412B507D2000A5E411 /* InlineSnapshotTesting in Frameworks */ = {isa = PBXBuildFile; productRef = 917A84402B507D2000A5E411 /* InlineSnapshotTesting */; };
		917A84432B507D2000A5E411 /* SnapshotTesting in Frameworks */ = {isa = PBXBuildFile; productRef = 917A84422B507D2000A5E411 /* SnapshotTesting */; };
		917E26BC2ACF0837009AF644 /* TrackerCollectionViewCell.swift in Sources */ = {isa = PBXBuildFile; fileRef = 917E26BB2ACF0837009AF644 /* TrackerCollectionViewCell.swift */; };
		917E26BE2AD546FA009AF644 /* CreateTrackerViewController.swift in Sources */ = {isa = PBXBuildFile; fileRef = 917E26BD2AD546F9009AF644 /* CreateTrackerViewController.swift */; };
		91A7ABAE2B5079F50088B951 /* XCTest.framework in Frameworks */ = {isa = PBXBuildFile; fileRef = 91A7ABAD2B5079F50088B951 /* XCTest.framework */; };
		91A7ABAF2B5079F50088B951 /* XCTest.framework in Embed Frameworks */ = {isa = PBXBuildFile; fileRef = 91A7ABAD2B5079F50088B951 /* XCTest.framework */; settings = {ATTRIBUTES = (CodeSignOnCopy, RemoveHeadersOnCopy, ); }; };
		91A7ABB12B507A120088B951 /* XCTest.framework in Frameworks */ = {isa = PBXBuildFile; fileRef = 91A7ABAD2B5079F50088B951 /* XCTest.framework */; platformFilter = ios; };
		91C4AD222AC1FF1200488630 /* UIColor+Extension.swift in Sources */ = {isa = PBXBuildFile; fileRef = 91C4AD212AC1FF1200488630 /* UIColor+Extension.swift */; };
		91C4AD282AC317A400488630 /* Tracker.swift in Sources */ = {isa = PBXBuildFile; fileRef = 91C4AD272AC317A400488630 /* Tracker.swift */; };
		91C4AD2A2AC323C100488630 /* TabBarController.swift in Sources */ = {isa = PBXBuildFile; fileRef = 91C4AD292AC323C100488630 /* TabBarController.swift */; };
		91D905D02B13C7B6009C638A /* TrackerModel.xcdatamodeld in Sources */ = {isa = PBXBuildFile; fileRef = 91D905CE2B13C7B6009C638A /* TrackerModel.xcdatamodeld */; };
		91D905F62B140F1F009C638A /* TrackerStore.swift in Sources */ = {isa = PBXBuildFile; fileRef = 91D905F52B140F1F009C638A /* TrackerStore.swift */; };
		91D905F82B140F43009C638A /* TrackerCategoryStore.swift in Sources */ = {isa = PBXBuildFile; fileRef = 91D905F72B140F43009C638A /* TrackerCategoryStore.swift */; };
		91D905FA2B140F54009C638A /* TrackerRecordStore.swift in Sources */ = {isa = PBXBuildFile; fileRef = 91D905F92B140F54009C638A /* TrackerRecordStore.swift */; };
		91D905FC2B140F9B009C638A /* UIColorMarshalling.swift in Sources */ = {isa = PBXBuildFile; fileRef = 91D905FB2B140F9B009C638A /* UIColorMarshalling.swift */; };
		91D905FE2B2FACB5009C638A /* DaysValueTransformer.swift in Sources */ = {isa = PBXBuildFile; fileRef = 91D905FD2B2FACB5009C638A /* DaysValueTransformer.swift */; };
		91E7A2502B0C965200DE7ABE /* UIViewController+Extensions.swift in Sources */ = {isa = PBXBuildFile; fileRef = 91E7A24F2B0C965200DE7ABE /* UIViewController+Extensions.swift */; };
		91EBF4BB2B5084E8009A9424 /* AnalyticsService.swift in Sources */ = {isa = PBXBuildFile; fileRef = 91EBF4BA2B5084E8009A9424 /* AnalyticsService.swift */; };
		91F94DEA2ADCB3200060C89E /* EmojiCollectionViewCell.swift in Sources */ = {isa = PBXBuildFile; fileRef = 91F94DE92ADCB3200060C89E /* EmojiCollectionViewCell.swift */; };
		91F94DED2ADD9A040060C89E /* ScheduleViewController.swift in Sources */ = {isa = PBXBuildFile; fileRef = 91F94DEC2ADD9A040060C89E /* ScheduleViewController.swift */; };
		91F94DEF2ADD9A650060C89E /* ScheduleCell.swift in Sources */ = {isa = PBXBuildFile; fileRef = 91F94DEE2ADD9A650060C89E /* ScheduleCell.swift */; };
		91F94DF12ADDC2880060C89E /* ColorsCollectionViewCell.swift in Sources */ = {isa = PBXBuildFile; fileRef = 91F94DF02ADDC2880060C89E /* ColorsCollectionViewCell.swift */; };
		91F94DF42ADDF0DA0060C89E /* WeekDay.swift in Sources */ = {isa = PBXBuildFile; fileRef = 91F94DF32ADDF0DA0060C89E /* WeekDay.swift */; };
		91F94DF72ADFF9A80060C89E /* HeaderViewCell.swift in Sources */ = {isa = PBXBuildFile; fileRef = 91F94DF62ADFF9A80060C89E /* HeaderViewCell.swift */; };
		91F94DFA2AE47A320060C89E /* CategoryViewController.swift in Sources */ = {isa = PBXBuildFile; fileRef = 91F94DF92AE47A320060C89E /* CategoryViewController.swift */; };
		91F94DFE2AE7213B0060C89E /* TrackerCategory.swift in Sources */ = {isa = PBXBuildFile; fileRef = 91F94DFD2AE7213B0060C89E /* TrackerCategory.swift */; };
		91F94E002AE7215A0060C89E /* TrackerRecord.swift in Sources */ = {isa = PBXBuildFile; fileRef = 91F94DFF2AE7215A0060C89E /* TrackerRecord.swift */; };
		F0AD352127EB2669B7772E4A /* Pods_TrackerTests.framework in Frameworks */ = {isa = PBXBuildFile; fileRef = BE00FFBAED23EE3785957AE7 /* Pods_TrackerTests.framework */; };
/* End PBXBuildFile section */

/* Begin PBXContainerItemProxy section */
		9118AA932B5023C90067F306 /* PBXContainerItemProxy */ = {
			isa = PBXContainerItemProxy;
			containerPortal = 91469F172AA6876B003A3B06 /* Project object */;
			proxyType = 1;
			remoteGlobalIDString = 91469F1E2AA6876B003A3B06;
			remoteInfo = Tracker;
		};
/* End PBXContainerItemProxy section */

/* Begin PBXCopyFilesBuildPhase section */
		91A7ABB02B5079F50088B951 /* Embed Frameworks */ = {
			isa = PBXCopyFilesBuildPhase;
			buildActionMask = 2147483647;
			dstPath = "";
			dstSubfolderSpec = 10;
			files = (
				91A7ABAF2B5079F50088B951 /* XCTest.framework in Embed Frameworks */,
			);
			name = "Embed Frameworks";
			runOnlyForDeploymentPostprocessing = 0;
		};
/* End PBXCopyFilesBuildPhase section */

/* Begin PBXFileReference section */
		1334DCDC7F9C375E61EB7297 /* Pods-Tracker.release.xcconfig */ = {isa = PBXFileReference; includeInIndex = 1; lastKnownFileType = text.xcconfig; name = "Pods-Tracker.release.xcconfig"; path = "Target Support Files/Pods-Tracker/Pods-Tracker.release.xcconfig"; sourceTree = "<group>"; };
		634242AE56AD8CC9EC909844 /* Pods_Tracker.framework */ = {isa = PBXFileReference; explicitFileType = wrapper.framework; includeInIndex = 0; path = Pods_Tracker.framework; sourceTree = BUILT_PRODUCTS_DIR; };
		6935D2804B359F53D903ACAB /* Pods-Tracker.debug.xcconfig */ = {isa = PBXFileReference; includeInIndex = 1; lastKnownFileType = text.xcconfig; name = "Pods-Tracker.debug.xcconfig"; path = "Target Support Files/Pods-Tracker/Pods-Tracker.debug.xcconfig"; sourceTree = "<group>"; };
		910C998E2ACDEFFC00931D57 /* StaticticsViewController.swift */ = {isa = PBXFileReference; lastKnownFileType = sourcecode.swift; path = StaticticsViewController.swift; sourceTree = "<group>"; };
		910C99902ACE044300931D57 /* AddTrackerViewController.swift */ = {isa = PBXFileReference; lastKnownFileType = sourcecode.swift; path = AddTrackerViewController.swift; sourceTree = "<group>"; };
		9118AA692B4F67590067F306 /* FilterViewController.swift */ = {isa = PBXFileReference; lastKnownFileType = sourcecode.swift; path = FilterViewController.swift; sourceTree = "<group>"; };
		9118AA6B2B4F67A70067F306 /* FilterCell.swift */ = {isa = PBXFileReference; lastKnownFileType = sourcecode.swift; path = FilterCell.swift; sourceTree = "<group>"; };
		9118AA6D2B4FA59D0067F306 /* StatisticsCell.swift */ = {isa = PBXFileReference; lastKnownFileType = sourcecode.swift; path = StatisticsCell.swift; sourceTree = "<group>"; };
		9118AA7C2B50149A0067F306 /* en */ = {isa = PBXFileReference; lastKnownFileType = text.plist.strings; name = en; path = en.lproj/Localizable.strings; sourceTree = "<group>"; };
		9118AA7F2B5017EB0067F306 /* ru */ = {isa = PBXFileReference; lastKnownFileType = text.plist.strings; name = ru; path = ru.lproj/Localizable.strings; sourceTree = "<group>"; };
		9118AA832B501ABC0067F306 /* en */ = {isa = PBXFileReference; lastKnownFileType = text.plist.stringsdict; name = en; path = en.lproj/Localizable.stringsdict; sourceTree = "<group>"; };
		9118AA852B501ABD0067F306 /* ru */ = {isa = PBXFileReference; lastKnownFileType = text.plist.stringsdict; name = ru; path = ru.lproj/Localizable.stringsdict; sourceTree = "<group>"; };
		9118AA8F2B5023C90067F306 /* TrackerTests.xctest */ = {isa = PBXFileReference; explicitFileType = wrapper.cfbundle; includeInIndex = 0; path = TrackerTests.xctest; sourceTree = BUILT_PRODUCTS_DIR; };
		9118AA912B5023C90067F306 /* TrackerTests.swift */ = {isa = PBXFileReference; lastKnownFileType = sourcecode.swift; path = TrackerTests.swift; sourceTree = "<group>"; };
		912E01792B388E5B00813647 /* OnboardingPageViewController.swift */ = {isa = PBXFileReference; lastKnownFileType = sourcecode.swift; path = OnboardingPageViewController.swift; sourceTree = "<group>"; };
		912E017B2B39B5F900813647 /* OnboardingViewController.swift */ = {isa = PBXFileReference; lastKnownFileType = sourcecode.swift; path = OnboardingViewController.swift; sourceTree = "<group>"; };
		912E019D2B3E34FD00813647 /* CreateCategoryViewController.swift */ = {isa = PBXFileReference; lastKnownFileType = sourcecode.swift; path = CreateCategoryViewController.swift; sourceTree = "<group>"; };
		912E019F2B3E4EA500813647 /* CategoryCell.swift */ = {isa = PBXFileReference; lastKnownFileType = sourcecode.swift; path = CategoryCell.swift; sourceTree = "<group>"; };
		912E01A12B3E67F800813647 /* CategoryViewModel.swift */ = {isa = PBXFileReference; lastKnownFileType = sourcecode.swift; path = CategoryViewModel.swift; sourceTree = "<group>"; };
		912E01A32B3E69C400813647 /* Observable.swift */ = {isa = PBXFileReference; lastKnownFileType = sourcecode.swift; path = Observable.swift; sourceTree = "<group>"; };
		91469F1F2AA6876B003A3B06 /* Tracker.app */ = {isa = PBXFileReference; explicitFileType = wrapper.application; includeInIndex = 0; path = Tracker.app; sourceTree = BUILT_PRODUCTS_DIR; };
		91469F222AA6876B003A3B06 /* AppDelegate.swift */ = {isa = PBXFileReference; lastKnownFileType = sourcecode.swift; path = AppDelegate.swift; sourceTree = "<group>"; };
		91469F242AA6876B003A3B06 /* SceneDelegate.swift */ = {isa = PBXFileReference; lastKnownFileType = sourcecode.swift; path = SceneDelegate.swift; sourceTree = "<group>"; };
		91469F262AA6876B003A3B06 /* TrackersViewController.swift */ = {isa = PBXFileReference; lastKnownFileType = sourcecode.swift; path = TrackersViewController.swift; sourceTree = "<group>"; };
		91469F2B2AA6876D003A3B06 /* Assets.xcassets */ = {isa = PBXFileReference; lastKnownFileType = folder.assetcatalog; path = Assets.xcassets; sourceTree = "<group>"; };
		91469F2E2AA6876D003A3B06 /* Base */ = {isa = PBXFileReference; lastKnownFileType = file.storyboard; name = Base; path = Base.lproj/LaunchScreen.storyboard; sourceTree = "<group>"; };
		91469F302AA6876D003A3B06 /* Info.plist */ = {isa = PBXFileReference; lastKnownFileType = text.plist.xml; path = Info.plist; sourceTree = "<group>"; };
		915EB0AE2AD71C6D0083981B /* CreateTrackerCell.swift */ = {isa = PBXFileReference; lastKnownFileType = sourcecode.swift; path = CreateTrackerCell.swift; sourceTree = "<group>"; };
		9178020B2B344817008289E2 /* ErrorReporting.swift */ = {isa = PBXFileReference; lastKnownFileType = sourcecode.swift; path = ErrorReporting.swift; sourceTree = "<group>"; };
		917E26BB2ACF0837009AF644 /* TrackerCollectionViewCell.swift */ = {isa = PBXFileReference; lastKnownFileType = sourcecode.swift; path = TrackerCollectionViewCell.swift; sourceTree = "<group>"; };
		917E26BD2AD546F9009AF644 /* CreateTrackerViewController.swift */ = {isa = PBXFileReference; lastKnownFileType = sourcecode.swift; path = CreateTrackerViewController.swift; sourceTree = "<group>"; };
		91A7ABAD2B5079F50088B951 /* XCTest.framework */ = {isa = PBXFileReference; lastKnownFileType = wrapper.framework; name = XCTest.framework; path = Platforms/iPhoneOS.platform/Developer/Library/Frameworks/XCTest.framework; sourceTree = DEVELOPER_DIR; };
		91C4AD212AC1FF1200488630 /* UIColor+Extension.swift */ = {isa = PBXFileReference; lastKnownFileType = sourcecode.swift; path = "UIColor+Extension.swift"; sourceTree = "<group>"; };
		91C4AD272AC317A400488630 /* Tracker.swift */ = {isa = PBXFileReference; lastKnownFileType = sourcecode.swift; path = Tracker.swift; sourceTree = "<group>"; };
		91C4AD292AC323C100488630 /* TabBarController.swift */ = {isa = PBXFileReference; lastKnownFileType = sourcecode.swift; path = TabBarController.swift; sourceTree = "<group>"; };
		91D905CF2B13C7B6009C638A /* TrackerModel.xcdatamodel */ = {isa = PBXFileReference; lastKnownFileType = wrapper.xcdatamodel; path = TrackerModel.xcdatamodel; sourceTree = "<group>"; };
		91D905F52B140F1F009C638A /* TrackerStore.swift */ = {isa = PBXFileReference; lastKnownFileType = sourcecode.swift; path = TrackerStore.swift; sourceTree = "<group>"; };
		91D905F72B140F43009C638A /* TrackerCategoryStore.swift */ = {isa = PBXFileReference; lastKnownFileType = sourcecode.swift; path = TrackerCategoryStore.swift; sourceTree = "<group>"; };
		91D905F92B140F54009C638A /* TrackerRecordStore.swift */ = {isa = PBXFileReference; lastKnownFileType = sourcecode.swift; path = TrackerRecordStore.swift; sourceTree = "<group>"; };
		91D905FB2B140F9B009C638A /* UIColorMarshalling.swift */ = {isa = PBXFileReference; lastKnownFileType = sourcecode.swift; path = UIColorMarshalling.swift; sourceTree = "<group>"; };
		91D905FD2B2FACB5009C638A /* DaysValueTransformer.swift */ = {isa = PBXFileReference; lastKnownFileType = sourcecode.swift; path = DaysValueTransformer.swift; sourceTree = "<group>"; };
		91E7A24F2B0C965200DE7ABE /* UIViewController+Extensions.swift */ = {isa = PBXFileReference; lastKnownFileType = sourcecode.swift; path = "UIViewController+Extensions.swift"; sourceTree = "<group>"; };
		91EBF4BA2B5084E8009A9424 /* AnalyticsService.swift */ = {isa = PBXFileReference; lastKnownFileType = sourcecode.swift; path = AnalyticsService.swift; sourceTree = "<group>"; };
		91F94DE92ADCB3200060C89E /* EmojiCollectionViewCell.swift */ = {isa = PBXFileReference; lastKnownFileType = sourcecode.swift; path = EmojiCollectionViewCell.swift; sourceTree = "<group>"; };
		91F94DEC2ADD9A040060C89E /* ScheduleViewController.swift */ = {isa = PBXFileReference; lastKnownFileType = sourcecode.swift; path = ScheduleViewController.swift; sourceTree = "<group>"; };
		91F94DEE2ADD9A650060C89E /* ScheduleCell.swift */ = {isa = PBXFileReference; lastKnownFileType = sourcecode.swift; path = ScheduleCell.swift; sourceTree = "<group>"; };
		91F94DF02ADDC2880060C89E /* ColorsCollectionViewCell.swift */ = {isa = PBXFileReference; lastKnownFileType = sourcecode.swift; path = ColorsCollectionViewCell.swift; sourceTree = "<group>"; };
		91F94DF32ADDF0DA0060C89E /* WeekDay.swift */ = {isa = PBXFileReference; lastKnownFileType = sourcecode.swift; path = WeekDay.swift; sourceTree = "<group>"; };
		91F94DF62ADFF9A80060C89E /* HeaderViewCell.swift */ = {isa = PBXFileReference; lastKnownFileType = sourcecode.swift; path = HeaderViewCell.swift; sourceTree = "<group>"; };
		91F94DF92AE47A320060C89E /* CategoryViewController.swift */ = {isa = PBXFileReference; lastKnownFileType = sourcecode.swift; path = CategoryViewController.swift; sourceTree = "<group>"; };
		91F94DFD2AE7213B0060C89E /* TrackerCategory.swift */ = {isa = PBXFileReference; lastKnownFileType = sourcecode.swift; path = TrackerCategory.swift; sourceTree = "<group>"; };
		91F94DFF2AE7215A0060C89E /* TrackerRecord.swift */ = {isa = PBXFileReference; lastKnownFileType = sourcecode.swift; path = TrackerRecord.swift; sourceTree = "<group>"; };
		BE00FFBAED23EE3785957AE7 /* Pods_TrackerTests.framework */ = {isa = PBXFileReference; explicitFileType = wrapper.framework; includeInIndex = 0; path = Pods_TrackerTests.framework; sourceTree = BUILT_PRODUCTS_DIR; };
		D64A0976221CEFEB8BF4867A /* Pods-TrackerTests.debug.xcconfig */ = {isa = PBXFileReference; includeInIndex = 1; lastKnownFileType = text.xcconfig; name = "Pods-TrackerTests.debug.xcconfig"; path = "Target Support Files/Pods-TrackerTests/Pods-TrackerTests.debug.xcconfig"; sourceTree = "<group>"; };
		F9514DB2173390F12E808963 /* Pods-TrackerTests.release.xcconfig */ = {isa = PBXFileReference; includeInIndex = 1; lastKnownFileType = text.xcconfig; name = "Pods-TrackerTests.release.xcconfig"; path = "Target Support Files/Pods-TrackerTests/Pods-TrackerTests.release.xcconfig"; sourceTree = "<group>"; };
/* End PBXFileReference section */

/* Begin PBXFrameworksBuildPhase section */
		9118AA8C2B5023C90067F306 /* Frameworks */ = {
			isa = PBXFrameworksBuildPhase;
			buildActionMask = 2147483647;
			files = (
				91A7ABB12B507A120088B951 /* XCTest.framework in Frameworks */,
				917A84432B507D2000A5E411 /* SnapshotTesting in Frameworks */,
				917A84412B507D2000A5E411 /* InlineSnapshotTesting in Frameworks */,
				F0AD352127EB2669B7772E4A /* Pods_TrackerTests.framework in Frameworks */,
			);
			runOnlyForDeploymentPostprocessing = 0;
		};
		91469F1C2AA6876B003A3B06 /* Frameworks */ = {
			isa = PBXFrameworksBuildPhase;
			buildActionMask = 2147483647;
			files = (
				9118AA882B50234D0067F306 /* InlineSnapshotTesting in Frameworks */,
				91A7ABAE2B5079F50088B951 /* XCTest.framework in Frameworks */,
				9118AA8A2B50234D0067F306 /* SnapshotTesting in Frameworks */,
				0656D7CEE9CDA8B18D3EAAA2 /* Pods_Tracker.framework in Frameworks */,
			);
			runOnlyForDeploymentPostprocessing = 0;
		};
/* End PBXFrameworksBuildPhase section */

/* Begin PBXGroup section */
		64EEFDE0A3D2A7C5553EB940 /* Pods */ = {
			isa = PBXGroup;
			children = (
				6935D2804B359F53D903ACAB /* Pods-Tracker.debug.xcconfig */,
				1334DCDC7F9C375E61EB7297 /* Pods-Tracker.release.xcconfig */,
				D64A0976221CEFEB8BF4867A /* Pods-TrackerTests.debug.xcconfig */,
				F9514DB2173390F12E808963 /* Pods-TrackerTests.release.xcconfig */,
			);
			path = Pods;
			sourceTree = "<group>";
		};
		910C998D2ACDEFDB00931D57 /* Statistics */ = {
			isa = PBXGroup;
			children = (
				910C998E2ACDEFFC00931D57 /* StaticticsViewController.swift */,
				9118AA6D2B4FA59D0067F306 /* StatisticsCell.swift */,
			);
			path = Statistics;
			sourceTree = "<group>";
		};
		9118AA682B4F672C0067F306 /* Filter */ = {
			isa = PBXGroup;
			children = (
				9118AA692B4F67590067F306 /* FilterViewController.swift */,
				9118AA6B2B4F67A70067F306 /* FilterCell.swift */,
			);
			path = Filter;
			sourceTree = "<group>";
		};
		9118AA902B5023C90067F306 /* TrackerTests */ = {
			isa = PBXGroup;
			children = (
				9118AA912B5023C90067F306 /* TrackerTests.swift */,
			);
			path = TrackerTests;
			sourceTree = "<group>";
		};
		912E01782B388E3900813647 /* Onboarding */ = {
			isa = PBXGroup;
			children = (
				912E01792B388E5B00813647 /* OnboardingPageViewController.swift */,
				912E017B2B39B5F900813647 /* OnboardingViewController.swift */,
			);
			path = Onboarding;
			sourceTree = "<group>";
		};
		91469F162AA6876B003A3B06 = {
			isa = PBXGroup;
			children = (
				91469F212AA6876B003A3B06 /* Tracker */,
				9118AA902B5023C90067F306 /* TrackerTests */,
				91469F202AA6876B003A3B06 /* Products */,
				91A7ABAC2B5079F50088B951 /* Frameworks */,
				64EEFDE0A3D2A7C5553EB940 /* Pods */,
			);
			sourceTree = "<group>";
		};
		91469F202AA6876B003A3B06 /* Products */ = {
			isa = PBXGroup;
			children = (
				91469F1F2AA6876B003A3B06 /* Tracker.app */,
				9118AA8F2B5023C90067F306 /* TrackerTests.xctest */,
			);
			name = Products;
			sourceTree = "<group>";
		};
		91469F212AA6876B003A3B06 /* Tracker */ = {
			isa = PBXGroup;
			children = (
				91EBF4B92B5084DF009A9424 /* AnalyticsService */,
				91D905CD2B13C71E009C638A /* CoreDate */,
				91D905F42B140F04009C638A /* Domain */,
				910C998D2ACDEFDB00931D57 /* Statistics */,
				91C4AD252AC20C1A00488630 /* TabBar */,
				91C4AD262AC20C6400488630 /* Trackers */,
				91C4AD202AC1F63900488630 /* Extensions */,
				91C4AD232AC20B2900488630 /* Resources */,
			);
			path = Tracker;
			sourceTree = "<group>";
		};
		915EB0AA2AD600FE0083981B /* CreateTracker */ = {
			isa = PBXGroup;
			children = (
				915EB0AE2AD71C6D0083981B /* CreateTrackerCell.swift */,
				91F94DF02ADDC2880060C89E /* ColorsCollectionViewCell.swift */,
				91F94DE92ADCB3200060C89E /* EmojiCollectionViewCell.swift */,
				917E26BD2AD546F9009AF644 /* CreateTrackerViewController.swift */,
			);
			path = CreateTracker;
			sourceTree = "<group>";
		};
		915EB0AB2AD6066B0083981B /* AddTracker */ = {
			isa = PBXGroup;
			children = (
				910C99902ACE044300931D57 /* AddTrackerViewController.swift */,
			);
			path = AddTracker;
			sourceTree = "<group>";
		};
		9178020A2B3447D4008289E2 /* Alert */ = {
			isa = PBXGroup;
			children = (
				9178020B2B344817008289E2 /* ErrorReporting.swift */,
			);
			path = Alert;
			sourceTree = "<group>";
		};
		91A7ABAC2B5079F50088B951 /* Frameworks */ = {
			isa = PBXGroup;
			children = (
				91A7ABAD2B5079F50088B951 /* XCTest.framework */,
				634242AE56AD8CC9EC909844 /* Pods_Tracker.framework */,
				BE00FFBAED23EE3785957AE7 /* Pods_TrackerTests.framework */,
			);
			name = Frameworks;
			sourceTree = "<group>";
		};
		91C4AD202AC1F63900488630 /* Extensions */ = {
			isa = PBXGroup;
			children = (
				91C4AD212AC1FF1200488630 /* UIColor+Extension.swift */,
				91E7A24F2B0C965200DE7ABE /* UIViewController+Extensions.swift */,
			);
			path = Extensions;
			sourceTree = "<group>";
		};
		91C4AD232AC20B2900488630 /* Resources */ = {
			isa = PBXGroup;
			children = (
				91469F222AA6876B003A3B06 /* AppDelegate.swift */,
				91469F242AA6876B003A3B06 /* SceneDelegate.swift */,
				91469F2B2AA6876D003A3B06 /* Assets.xcassets */,
				91469F302AA6876D003A3B06 /* Info.plist */,
				91469F2D2AA6876D003A3B06 /* LaunchScreen.storyboard */,
				9118AA842B501ABC0067F306 /* Localizable.stringsdict */,
				9118AA7D2B50149A0067F306 /* Localizable.strings */,
			);
			path = Resources;
			sourceTree = "<group>";
		};
		91C4AD252AC20C1A00488630 /* TabBar */ = {
			isa = PBXGroup;
			children = (
				91C4AD292AC323C100488630 /* TabBarController.swift */,
			);
			path = TabBar;
			sourceTree = "<group>";
		};
		91C4AD262AC20C6400488630 /* Trackers */ = {
			isa = PBXGroup;
			children = (
				9178020A2B3447D4008289E2 /* Alert */,
				912E01782B388E3900813647 /* Onboarding */,
				9118AA682B4F672C0067F306 /* Filter */,
				91C4AD272AC317A400488630 /* Tracker.swift */,
				91F94DFD2AE7213B0060C89E /* TrackerCategory.swift */,
				91F94DFF2AE7215A0060C89E /* TrackerRecord.swift */,
				917E26BB2ACF0837009AF644 /* TrackerCollectionViewCell.swift */,
				91469F262AA6876B003A3B06 /* TrackersViewController.swift */,
				915EB0AB2AD6066B0083981B /* AddTracker */,
				915EB0AA2AD600FE0083981B /* CreateTracker */,
				91F94DF52ADFF9790060C89E /* Header */,
				91F94DF82AE479BC0060C89E /* Category */,
				91F94DEB2ADD99DE0060C89E /* Schedule */,
			);
			path = Trackers;
			sourceTree = "<group>";
		};
		91D905CD2B13C71E009C638A /* CoreDate */ = {
			isa = PBXGroup;
			children = (
				91D905CE2B13C7B6009C638A /* TrackerModel.xcdatamodeld */,
			);
			path = CoreDate;
			sourceTree = "<group>";
		};
		91D905F42B140F04009C638A /* Domain */ = {
			isa = PBXGroup;
			children = (
				91D905F52B140F1F009C638A /* TrackerStore.swift */,
				91D905F72B140F43009C638A /* TrackerCategoryStore.swift */,
				91D905F92B140F54009C638A /* TrackerRecordStore.swift */,
				91D905FB2B140F9B009C638A /* UIColorMarshalling.swift */,
				91D905FD2B2FACB5009C638A /* DaysValueTransformer.swift */,
			);
			path = Domain;
			sourceTree = "<group>";
		};
		91EBF4B92B5084DF009A9424 /* AnalyticsService */ = {
			isa = PBXGroup;
			children = (
				91EBF4BA2B5084E8009A9424 /* AnalyticsService.swift */,
			);
			path = AnalyticsService;
			sourceTree = "<group>";
		};
		91F94DEB2ADD99DE0060C89E /* Schedule */ = {
			isa = PBXGroup;
			children = (
				91F94DF32ADDF0DA0060C89E /* WeekDay.swift */,
				91F94DEE2ADD9A650060C89E /* ScheduleCell.swift */,
				91F94DEC2ADD9A040060C89E /* ScheduleViewController.swift */,
			);
			path = Schedule;
			sourceTree = "<group>";
		};
		91F94DF52ADFF9790060C89E /* Header */ = {
			isa = PBXGroup;
			children = (
				91F94DF62ADFF9A80060C89E /* HeaderViewCell.swift */,
			);
			path = Header;
			sourceTree = "<group>";
		};
		91F94DF82AE479BC0060C89E /* Category */ = {
			isa = PBXGroup;
			children = (
				912E019F2B3E4EA500813647 /* CategoryCell.swift */,
				912E01A12B3E67F800813647 /* CategoryViewModel.swift */,
				91F94DF92AE47A320060C89E /* CategoryViewController.swift */,
				912E019D2B3E34FD00813647 /* CreateCategoryViewController.swift */,
				912E01A32B3E69C400813647 /* Observable.swift */,
			);
			path = Category;
			sourceTree = "<group>";
		};
/* End PBXGroup section */

/* Begin PBXNativeTarget section */
		9118AA8E2B5023C90067F306 /* TrackerTests */ = {
			isa = PBXNativeTarget;
			buildConfigurationList = 9118AA952B5023C90067F306 /* Build configuration list for PBXNativeTarget "TrackerTests" */;
			buildPhases = (
				2716073E0008D82D26F366A6 /* [CP] Check Pods Manifest.lock */,
				9118AA8B2B5023C90067F306 /* Sources */,
				9118AA8C2B5023C90067F306 /* Frameworks */,
				9118AA8D2B5023C90067F306 /* Resources */,
			);
			buildRules = (
			);
			dependencies = (
				9118AA942B5023C90067F306 /* PBXTargetDependency */,
			);
			name = TrackerTests;
			packageProductDependencies = (
				917A84402B507D2000A5E411 /* InlineSnapshotTesting */,
				917A84422B507D2000A5E411 /* SnapshotTesting */,
			);
			productName = TrackerTests;
			productReference = 9118AA8F2B5023C90067F306 /* TrackerTests.xctest */;
			productType = "com.apple.product-type.bundle.unit-test";
		};
		91469F1E2AA6876B003A3B06 /* Tracker */ = {
			isa = PBXNativeTarget;
			buildConfigurationList = 91469F332AA6876D003A3B06 /* Build configuration list for PBXNativeTarget "Tracker" */;
			buildPhases = (
				F222ABF956605892C8DF3283 /* [CP] Check Pods Manifest.lock */,
				91469F1B2AA6876B003A3B06 /* Sources */,
				91469F1C2AA6876B003A3B06 /* Frameworks */,
				91469F1D2AA6876B003A3B06 /* Resources */,
				91A7ABB02B5079F50088B951 /* Embed Frameworks */,
				BF2E3FBEC5FFFB8998CD766D /* [CP] Embed Pods Frameworks */,
			);
			buildRules = (
			);
			dependencies = (
			);
			name = Tracker;
			packageProductDependencies = (
				9118AA872B50234D0067F306 /* InlineSnapshotTesting */,
				9118AA892B50234D0067F306 /* SnapshotTesting */,
			);
			productName = Tracker;
			productReference = 91469F1F2AA6876B003A3B06 /* Tracker.app */;
			productType = "com.apple.product-type.application";
		};
/* End PBXNativeTarget section */

/* Begin PBXProject section */
		91469F172AA6876B003A3B06 /* Project object */ = {
			isa = PBXProject;
			attributes = {
				BuildIndependentTargetsInParallel = YES;
				LastSwiftUpdateCheck = 1500;
				LastUpgradeCheck = 1500;
				TargetAttributes = {
					9118AA8E2B5023C90067F306 = {
						CreatedOnToolsVersion = 15.0;
						TestTargetID = 91469F1E2AA6876B003A3B06;
					};
					91469F1E2AA6876B003A3B06 = {
						CreatedOnToolsVersion = 14.3;
					};
				};
			};
			buildConfigurationList = 91469F1A2AA6876B003A3B06 /* Build configuration list for PBXProject "Tracker" */;
			compatibilityVersion = "Xcode 14.0";
			developmentRegion = en;
			hasScannedForEncodings = 0;
			knownRegions = (
				en,
				Base,
				ru,
			);
			mainGroup = 91469F162AA6876B003A3B06;
			packageReferences = (
				9118AA862B50234D0067F306 /* XCRemoteSwiftPackageReference "swift-snapshot-testing" */,
			);
			productRefGroup = 91469F202AA6876B003A3B06 /* Products */;
			projectDirPath = "";
			projectRoot = "";
			targets = (
				91469F1E2AA6876B003A3B06 /* Tracker */,
				9118AA8E2B5023C90067F306 /* TrackerTests */,
			);
		};
/* End PBXProject section */

/* Begin PBXResourcesBuildPhase section */
		9118AA8D2B5023C90067F306 /* Resources */ = {
			isa = PBXResourcesBuildPhase;
			buildActionMask = 2147483647;
			files = (
			);
			runOnlyForDeploymentPostprocessing = 0;
		};
		91469F1D2AA6876B003A3B06 /* Resources */ = {
			isa = PBXResourcesBuildPhase;
			buildActionMask = 2147483647;
			files = (
				91469F2F2AA6876D003A3B06 /* LaunchScreen.storyboard in Resources */,
				9118AA822B501ABC0067F306 /* Localizable.stringsdict in Resources */,
				9118AA7B2B50149A0067F306 /* Localizable.strings in Resources */,
				91469F2C2AA6876D003A3B06 /* Assets.xcassets in Resources */,
			);
			runOnlyForDeploymentPostprocessing = 0;
		};
/* End PBXResourcesBuildPhase section */

/* Begin PBXShellScriptBuildPhase section */
		2716073E0008D82D26F366A6 /* [CP] Check Pods Manifest.lock */ = {
			isa = PBXShellScriptBuildPhase;
			buildActionMask = 2147483647;
			files = (
			);
			inputFileListPaths = (
			);
			inputPaths = (
				"${PODS_PODFILE_DIR_PATH}/Podfile.lock",
				"${PODS_ROOT}/Manifest.lock",
			);
			name = "[CP] Check Pods Manifest.lock";
			outputFileListPaths = (
			);
			outputPaths = (
				"$(DERIVED_FILE_DIR)/Pods-TrackerTests-checkManifestLockResult.txt",
			);
			runOnlyForDeploymentPostprocessing = 0;
			shellPath = /bin/sh;
			shellScript = "diff \"${PODS_PODFILE_DIR_PATH}/Podfile.lock\" \"${PODS_ROOT}/Manifest.lock\" > /dev/null\nif [ $? != 0 ] ; then\n    # print error to STDERR\n    echo \"error: The sandbox is not in sync with the Podfile.lock. Run 'pod install' or update your CocoaPods installation.\" >&2\n    exit 1\nfi\n# This output is used by Xcode 'outputs' to avoid re-running this script phase.\necho \"SUCCESS\" > \"${SCRIPT_OUTPUT_FILE_0}\"\n";
			showEnvVarsInLog = 0;
		};
		BF2E3FBEC5FFFB8998CD766D /* [CP] Embed Pods Frameworks */ = {
			isa = PBXShellScriptBuildPhase;
			buildActionMask = 2147483647;
			files = (
			);
			inputFileListPaths = (
				"${PODS_ROOT}/Target Support Files/Pods-Tracker/Pods-Tracker-frameworks-${CONFIGURATION}-input-files.xcfilelist",
			);
			name = "[CP] Embed Pods Frameworks";
			outputFileListPaths = (
				"${PODS_ROOT}/Target Support Files/Pods-Tracker/Pods-Tracker-frameworks-${CONFIGURATION}-output-files.xcfilelist",
			);
			runOnlyForDeploymentPostprocessing = 0;
			shellPath = /bin/sh;
			shellScript = "\"${PODS_ROOT}/Target Support Files/Pods-Tracker/Pods-Tracker-frameworks.sh\"\n";
			showEnvVarsInLog = 0;
		};
		F222ABF956605892C8DF3283 /* [CP] Check Pods Manifest.lock */ = {
			isa = PBXShellScriptBuildPhase;
			buildActionMask = 2147483647;
			files = (
			);
			inputFileListPaths = (
			);
			inputPaths = (
				"${PODS_PODFILE_DIR_PATH}/Podfile.lock",
				"${PODS_ROOT}/Manifest.lock",
			);
			name = "[CP] Check Pods Manifest.lock";
			outputFileListPaths = (
			);
			outputPaths = (
				"$(DERIVED_FILE_DIR)/Pods-Tracker-checkManifestLockResult.txt",
			);
			runOnlyForDeploymentPostprocessing = 0;
			shellPath = /bin/sh;
			shellScript = "diff \"${PODS_PODFILE_DIR_PATH}/Podfile.lock\" \"${PODS_ROOT}/Manifest.lock\" > /dev/null\nif [ $? != 0 ] ; then\n    # print error to STDERR\n    echo \"error: The sandbox is not in sync with the Podfile.lock. Run 'pod install' or update your CocoaPods installation.\" >&2\n    exit 1\nfi\n# This output is used by Xcode 'outputs' to avoid re-running this script phase.\necho \"SUCCESS\" > \"${SCRIPT_OUTPUT_FILE_0}\"\n";
			showEnvVarsInLog = 0;
		};
/* End PBXShellScriptBuildPhase section */

/* Begin PBXSourcesBuildPhase section */
		9118AA8B2B5023C90067F306 /* Sources */ = {
			isa = PBXSourcesBuildPhase;
			buildActionMask = 2147483647;
			files = (
				9118AA922B5023C90067F306 /* TrackerTests.swift in Sources */,
			);
			runOnlyForDeploymentPostprocessing = 0;
		};
		91469F1B2AA6876B003A3B06 /* Sources */ = {
			isa = PBXSourcesBuildPhase;
			buildActionMask = 2147483647;
			files = (
				91F94DEA2ADCB3200060C89E /* EmojiCollectionViewCell.swift in Sources */,
				917E26BC2ACF0837009AF644 /* TrackerCollectionViewCell.swift in Sources */,
				91D905F62B140F1F009C638A /* TrackerStore.swift in Sources */,
				9178020C2B344817008289E2 /* ErrorReporting.swift in Sources */,
				91D905FE2B2FACB5009C638A /* DaysValueTransformer.swift in Sources */,
				9118AA6E2B4FA59D0067F306 /* StatisticsCell.swift in Sources */,
				91F94DF12ADDC2880060C89E /* ColorsCollectionViewCell.swift in Sources */,
				91F94DFA2AE47A320060C89E /* CategoryViewController.swift in Sources */,
				912E017C2B39B5F900813647 /* OnboardingViewController.swift in Sources */,
				917E26BE2AD546FA009AF644 /* CreateTrackerViewController.swift in Sources */,
				91F94E002AE7215A0060C89E /* TrackerRecord.swift in Sources */,
				91F94DEF2ADD9A650060C89E /* ScheduleCell.swift in Sources */,
				912E01A02B3E4EA500813647 /* CategoryCell.swift in Sources */,
				912E01A42B3E69C400813647 /* Observable.swift in Sources */,
				91469F272AA6876B003A3B06 /* TrackersViewController.swift in Sources */,
				9118AA6A2B4F67590067F306 /* FilterViewController.swift in Sources */,
				91D905D02B13C7B6009C638A /* TrackerModel.xcdatamodeld in Sources */,
				91F94DED2ADD9A040060C89E /* ScheduleViewController.swift in Sources */,
				912E017A2B388E5B00813647 /* OnboardingPageViewController.swift in Sources */,
				910C99912ACE044300931D57 /* AddTrackerViewController.swift in Sources */,
				91E7A2502B0C965200DE7ABE /* UIViewController+Extensions.swift in Sources */,
				91469F232AA6876B003A3B06 /* AppDelegate.swift in Sources */,
				91EBF4BB2B5084E8009A9424 /* AnalyticsService.swift in Sources */,
				91F94DFE2AE7213B0060C89E /* TrackerCategory.swift in Sources */,
				91469F252AA6876B003A3B06 /* SceneDelegate.swift in Sources */,
				910C998F2ACDEFFC00931D57 /* StaticticsViewController.swift in Sources */,
				912E019E2B3E34FD00813647 /* CreateCategoryViewController.swift in Sources */,
				9118AA6C2B4F67A70067F306 /* FilterCell.swift in Sources */,
				91F94DF72ADFF9A80060C89E /* HeaderViewCell.swift in Sources */,
				91C4AD2A2AC323C100488630 /* TabBarController.swift in Sources */,
				912E01A22B3E67F800813647 /* CategoryViewModel.swift in Sources */,
				91F94DF42ADDF0DA0060C89E /* WeekDay.swift in Sources */,
				91D905FC2B140F9B009C638A /* UIColorMarshalling.swift in Sources */,
				91D905FA2B140F54009C638A /* TrackerRecordStore.swift in Sources */,
				91D905F82B140F43009C638A /* TrackerCategoryStore.swift in Sources */,
				91C4AD282AC317A400488630 /* Tracker.swift in Sources */,
				915EB0AF2AD71C6D0083981B /* CreateTrackerCell.swift in Sources */,
				91C4AD222AC1FF1200488630 /* UIColor+Extension.swift in Sources */,
			);
			runOnlyForDeploymentPostprocessing = 0;
		};
/* End PBXSourcesBuildPhase section */

/* Begin PBXTargetDependency section */
		9118AA942B5023C90067F306 /* PBXTargetDependency */ = {
			isa = PBXTargetDependency;
			target = 91469F1E2AA6876B003A3B06 /* Tracker */;
			targetProxy = 9118AA932B5023C90067F306 /* PBXContainerItemProxy */;
		};
/* End PBXTargetDependency section */

/* Begin PBXVariantGroup section */
		9118AA7D2B50149A0067F306 /* Localizable.strings */ = {
			isa = PBXVariantGroup;
			children = (
				9118AA7C2B50149A0067F306 /* en */,
				9118AA7F2B5017EB0067F306 /* ru */,
			);
			name = Localizable.strings;
			sourceTree = "<group>";
		};
		9118AA842B501ABC0067F306 /* Localizable.stringsdict */ = {
			isa = PBXVariantGroup;
			children = (
				9118AA832B501ABC0067F306 /* en */,
				9118AA852B501ABD0067F306 /* ru */,
			);
			name = Localizable.stringsdict;
			sourceTree = "<group>";
		};
		91469F2D2AA6876D003A3B06 /* LaunchScreen.storyboard */ = {
			isa = PBXVariantGroup;
			children = (
				91469F2E2AA6876D003A3B06 /* Base */,
			);
			name = LaunchScreen.storyboard;
			sourceTree = "<group>";
		};
/* End PBXVariantGroup section */

/* Begin XCBuildConfiguration section */
		9118AA962B5023C90067F306 /* Debug */ = {
			isa = XCBuildConfiguration;
			baseConfigurationReference = D64A0976221CEFEB8BF4867A /* Pods-TrackerTests.debug.xcconfig */;
			buildSettings = {
				ASSETCATALOG_COMPILER_GENERATE_SWIFT_ASSET_SYMBOL_EXTENSIONS = YES;
				BUNDLE_LOADER = "$(TEST_HOST)";
				CODE_SIGN_STYLE = Automatic;
				CURRENT_PROJECT_VERSION = 1;
				DEVELOPMENT_TEAM = 6HXBQFPFB3;
				ENABLE_USER_SCRIPT_SANDBOXING = YES;
				GCC_C_LANGUAGE_STANDARD = gnu17;
				GENERATE_INFOPLIST_FILE = YES;
				IPHONEOS_DEPLOYMENT_TARGET = 17.0;
				LOCALIZATION_PREFERS_STRING_CATALOGS = YES;
				MARKETING_VERSION = 1.0;
				PRODUCT_BUNDLE_IDENTIFIER = ru.yandex.ArtemDubovitskiy.practicum.TrackerTests;
				PRODUCT_NAME = "$(TARGET_NAME)";
				SWIFT_ACTIVE_COMPILATION_CONDITIONS = "DEBUG $(inherited)";
				SWIFT_EMIT_LOC_STRINGS = NO;
				SWIFT_VERSION = 5.0;
				TARGETED_DEVICE_FAMILY = "1,2";
				TEST_HOST = "$(BUILT_PRODUCTS_DIR)/Tracker.app/$(BUNDLE_EXECUTABLE_FOLDER_PATH)/Tracker";
			};
			name = Debug;
		};
		9118AA972B5023C90067F306 /* Release */ = {
			isa = XCBuildConfiguration;
			baseConfigurationReference = F9514DB2173390F12E808963 /* Pods-TrackerTests.release.xcconfig */;
			buildSettings = {
				ASSETCATALOG_COMPILER_GENERATE_SWIFT_ASSET_SYMBOL_EXTENSIONS = YES;
				BUNDLE_LOADER = "$(TEST_HOST)";
				CODE_SIGN_STYLE = Automatic;
				CURRENT_PROJECT_VERSION = 1;
				DEVELOPMENT_TEAM = 6HXBQFPFB3;
				ENABLE_USER_SCRIPT_SANDBOXING = YES;
				GCC_C_LANGUAGE_STANDARD = gnu17;
				GENERATE_INFOPLIST_FILE = YES;
				IPHONEOS_DEPLOYMENT_TARGET = 17.0;
				LOCALIZATION_PREFERS_STRING_CATALOGS = YES;
				MARKETING_VERSION = 1.0;
				PRODUCT_BUNDLE_IDENTIFIER = ru.yandex.ArtemDubovitskiy.practicum.TrackerTests;
				PRODUCT_NAME = "$(TARGET_NAME)";
				SWIFT_EMIT_LOC_STRINGS = NO;
				SWIFT_VERSION = 5.0;
				TARGETED_DEVICE_FAMILY = "1,2";
				TEST_HOST = "$(BUILT_PRODUCTS_DIR)/Tracker.app/$(BUNDLE_EXECUTABLE_FOLDER_PATH)/Tracker";
			};
			name = Release;
		};
		91469F312AA6876D003A3B06 /* Debug */ = {
			isa = XCBuildConfiguration;
			buildSettings = {
				ALWAYS_SEARCH_USER_PATHS = NO;
				CLANG_ANALYZER_LOCALIZABILITY_NONLOCALIZED = YES;
				CLANG_ANALYZER_NONNULL = YES;
				CLANG_ANALYZER_NUMBER_OBJECT_CONVERSION = YES_AGGRESSIVE;
				CLANG_CXX_LANGUAGE_STANDARD = "gnu++20";
				CLANG_ENABLE_MODULES = YES;
				CLANG_ENABLE_OBJC_ARC = YES;
				CLANG_ENABLE_OBJC_WEAK = YES;
				CLANG_WARN_BLOCK_CAPTURE_AUTORELEASING = YES;
				CLANG_WARN_BOOL_CONVERSION = YES;
				CLANG_WARN_COMMA = YES;
				CLANG_WARN_CONSTANT_CONVERSION = YES;
				CLANG_WARN_DEPRECATED_OBJC_IMPLEMENTATIONS = YES;
				CLANG_WARN_DIRECT_OBJC_ISA_USAGE = YES_ERROR;
				CLANG_WARN_DOCUMENTATION_COMMENTS = YES;
				CLANG_WARN_EMPTY_BODY = YES;
				CLANG_WARN_ENUM_CONVERSION = YES;
				CLANG_WARN_INFINITE_RECURSION = YES;
				CLANG_WARN_INT_CONVERSION = YES;
				CLANG_WARN_NON_LITERAL_NULL_CONVERSION = YES;
				CLANG_WARN_OBJC_IMPLICIT_RETAIN_SELF = YES;
				CLANG_WARN_OBJC_LITERAL_CONVERSION = YES;
				CLANG_WARN_OBJC_ROOT_CLASS = YES_ERROR;
				CLANG_WARN_QUOTED_INCLUDE_IN_FRAMEWORK_HEADER = YES;
				CLANG_WARN_RANGE_LOOP_ANALYSIS = YES;
				CLANG_WARN_STRICT_PROTOTYPES = YES;
				CLANG_WARN_SUSPICIOUS_MOVE = YES;
				CLANG_WARN_UNGUARDED_AVAILABILITY = YES_AGGRESSIVE;
				CLANG_WARN_UNREACHABLE_CODE = YES;
				CLANG_WARN__DUPLICATE_METHOD_MATCH = YES;
				COPY_PHASE_STRIP = NO;
				DEBUG_INFORMATION_FORMAT = dwarf;
				ENABLE_STRICT_OBJC_MSGSEND = YES;
				ENABLE_TESTABILITY = YES;
				ENABLE_TESTING_SEARCH_PATHS = YES;
				GCC_C_LANGUAGE_STANDARD = gnu11;
				GCC_DYNAMIC_NO_PIC = NO;
				GCC_NO_COMMON_BLOCKS = YES;
				GCC_OPTIMIZATION_LEVEL = 0;
				GCC_PREPROCESSOR_DEFINITIONS = (
					"DEBUG=1",
					"$(inherited)",
				);
				GCC_WARN_64_TO_32_BIT_CONVERSION = YES;
				GCC_WARN_ABOUT_RETURN_TYPE = YES_ERROR;
				GCC_WARN_UNDECLARED_SELECTOR = YES;
				GCC_WARN_UNINITIALIZED_AUTOS = YES_AGGRESSIVE;
				GCC_WARN_UNUSED_FUNCTION = YES;
				GCC_WARN_UNUSED_VARIABLE = YES;
				IPHONEOS_DEPLOYMENT_TARGET = 16.4;
				MTL_ENABLE_DEBUG_INFO = INCLUDE_SOURCE;
				MTL_FAST_MATH = YES;
				ONLY_ACTIVE_ARCH = YES;
				SDKROOT = iphoneos;
				SWIFT_ACTIVE_COMPILATION_CONDITIONS = DEBUG;
				SWIFT_OPTIMIZATION_LEVEL = "-Onone";
			};
			name = Debug;
		};
		91469F322AA6876D003A3B06 /* Release */ = {
			isa = XCBuildConfiguration;
			buildSettings = {
				ALWAYS_SEARCH_USER_PATHS = NO;
				CLANG_ANALYZER_LOCALIZABILITY_NONLOCALIZED = YES;
				CLANG_ANALYZER_NONNULL = YES;
				CLANG_ANALYZER_NUMBER_OBJECT_CONVERSION = YES_AGGRESSIVE;
				CLANG_CXX_LANGUAGE_STANDARD = "gnu++20";
				CLANG_ENABLE_MODULES = YES;
				CLANG_ENABLE_OBJC_ARC = YES;
				CLANG_ENABLE_OBJC_WEAK = YES;
				CLANG_WARN_BLOCK_CAPTURE_AUTORELEASING = YES;
				CLANG_WARN_BOOL_CONVERSION = YES;
				CLANG_WARN_COMMA = YES;
				CLANG_WARN_CONSTANT_CONVERSION = YES;
				CLANG_WARN_DEPRECATED_OBJC_IMPLEMENTATIONS = YES;
				CLANG_WARN_DIRECT_OBJC_ISA_USAGE = YES_ERROR;
				CLANG_WARN_DOCUMENTATION_COMMENTS = YES;
				CLANG_WARN_EMPTY_BODY = YES;
				CLANG_WARN_ENUM_CONVERSION = YES;
				CLANG_WARN_INFINITE_RECURSION = YES;
				CLANG_WARN_INT_CONVERSION = YES;
				CLANG_WARN_NON_LITERAL_NULL_CONVERSION = YES;
				CLANG_WARN_OBJC_IMPLICIT_RETAIN_SELF = YES;
				CLANG_WARN_OBJC_LITERAL_CONVERSION = YES;
				CLANG_WARN_OBJC_ROOT_CLASS = YES_ERROR;
				CLANG_WARN_QUOTED_INCLUDE_IN_FRAMEWORK_HEADER = YES;
				CLANG_WARN_RANGE_LOOP_ANALYSIS = YES;
				CLANG_WARN_STRICT_PROTOTYPES = YES;
				CLANG_WARN_SUSPICIOUS_MOVE = YES;
				CLANG_WARN_UNGUARDED_AVAILABILITY = YES_AGGRESSIVE;
				CLANG_WARN_UNREACHABLE_CODE = YES;
				CLANG_WARN__DUPLICATE_METHOD_MATCH = YES;
				COPY_PHASE_STRIP = NO;
				DEBUG_INFORMATION_FORMAT = "dwarf-with-dsym";
				ENABLE_NS_ASSERTIONS = NO;
				ENABLE_STRICT_OBJC_MSGSEND = YES;
				ENABLE_TESTING_SEARCH_PATHS = YES;
				GCC_C_LANGUAGE_STANDARD = gnu11;
				GCC_NO_COMMON_BLOCKS = YES;
				GCC_WARN_64_TO_32_BIT_CONVERSION = YES;
				GCC_WARN_ABOUT_RETURN_TYPE = YES_ERROR;
				GCC_WARN_UNDECLARED_SELECTOR = YES;
				GCC_WARN_UNINITIALIZED_AUTOS = YES_AGGRESSIVE;
				GCC_WARN_UNUSED_FUNCTION = YES;
				GCC_WARN_UNUSED_VARIABLE = YES;
				IPHONEOS_DEPLOYMENT_TARGET = 16.4;
				MTL_ENABLE_DEBUG_INFO = NO;
				MTL_FAST_MATH = YES;
				SDKROOT = iphoneos;
				SWIFT_COMPILATION_MODE = wholemodule;
				SWIFT_OPTIMIZATION_LEVEL = "-O";
				VALIDATE_PRODUCT = YES;
			};
			name = Release;
		};
		91469F342AA6876D003A3B06 /* Debug */ = {
			isa = XCBuildConfiguration;
			baseConfigurationReference = 6935D2804B359F53D903ACAB /* Pods-Tracker.debug.xcconfig */;
			buildSettings = {
				ASSETCATALOG_COMPILER_APPICON_NAME = AppIcon;
				ASSETCATALOG_COMPILER_GLOBAL_ACCENT_COLOR_NAME = AccentColor;
				CODE_SIGN_STYLE = Automatic;
				CURRENT_PROJECT_VERSION = 1;
				DEVELOPMENT_TEAM = 6HXBQFPFB3;
				GENERATE_INFOPLIST_FILE = YES;
				INFOPLIST_FILE = Tracker/Resources/Info.plist;
				INFOPLIST_KEY_UIApplicationSupportsIndirectInputEvents = YES;
				INFOPLIST_KEY_UILaunchStoryboardName = LaunchScreen;
				INFOPLIST_KEY_UISupportedInterfaceOrientations_iPad = "UIInterfaceOrientationPortrait UIInterfaceOrientationPortraitUpsideDown UIInterfaceOrientationLandscapeLeft UIInterfaceOrientationLandscapeRight";
				INFOPLIST_KEY_UISupportedInterfaceOrientations_iPhone = UIInterfaceOrientationPortrait;
				IPHONEOS_DEPLOYMENT_TARGET = 13.4;
				LD_RUNPATH_SEARCH_PATHS = (
					"$(inherited)",
					"@executable_path/Frameworks",
				);
				MARKETING_VERSION = 1.0;
				PRODUCT_BUNDLE_IDENTIFIER = ru.yandex.ArtemDubovitskiy.practicum.Tracker;
				PRODUCT_NAME = "$(TARGET_NAME)";
				SUPPORTED_PLATFORMS = "iphoneos iphonesimulator";
				SUPPORTS_MACCATALYST = NO;
				SUPPORTS_MAC_DESIGNED_FOR_IPHONE_IPAD = NO;
				SWIFT_EMIT_LOC_STRINGS = YES;
				SWIFT_VERSION = 5.0;
				TARGETED_DEVICE_FAMILY = 1;
			};
			name = Debug;
		};
		91469F352AA6876D003A3B06 /* Release */ = {
			isa = XCBuildConfiguration;
			baseConfigurationReference = 1334DCDC7F9C375E61EB7297 /* Pods-Tracker.release.xcconfig */;
			buildSettings = {
				ASSETCATALOG_COMPILER_APPICON_NAME = AppIcon;
				ASSETCATALOG_COMPILER_GLOBAL_ACCENT_COLOR_NAME = AccentColor;
				CODE_SIGN_STYLE = Automatic;
				CURRENT_PROJECT_VERSION = 1;
				DEVELOPMENT_TEAM = 6HXBQFPFB3;
				GENERATE_INFOPLIST_FILE = YES;
				INFOPLIST_FILE = Tracker/Resources/Info.plist;
				INFOPLIST_KEY_UIApplicationSupportsIndirectInputEvents = YES;
				INFOPLIST_KEY_UILaunchStoryboardName = LaunchScreen;
				INFOPLIST_KEY_UISupportedInterfaceOrientations_iPad = "UIInterfaceOrientationPortrait UIInterfaceOrientationPortraitUpsideDown UIInterfaceOrientationLandscapeLeft UIInterfaceOrientationLandscapeRight";
				INFOPLIST_KEY_UISupportedInterfaceOrientations_iPhone = UIInterfaceOrientationPortrait;
				IPHONEOS_DEPLOYMENT_TARGET = 13.4;
				LD_RUNPATH_SEARCH_PATHS = (
					"$(inherited)",
					"@executable_path/Frameworks",
				);
				MARKETING_VERSION = 1.0;
				PRODUCT_BUNDLE_IDENTIFIER = ru.yandex.ArtemDubovitskiy.practicum.Tracker;
				PRODUCT_NAME = "$(TARGET_NAME)";
				SUPPORTED_PLATFORMS = "iphoneos iphonesimulator";
				SUPPORTS_MACCATALYST = NO;
				SUPPORTS_MAC_DESIGNED_FOR_IPHONE_IPAD = NO;
				SWIFT_EMIT_LOC_STRINGS = YES;
				SWIFT_VERSION = 5.0;
				TARGETED_DEVICE_FAMILY = 1;
			};
			name = Release;
		};
/* End XCBuildConfiguration section */

/* Begin XCConfigurationList section */
		9118AA952B5023C90067F306 /* Build configuration list for PBXNativeTarget "TrackerTests" */ = {
			isa = XCConfigurationList;
			buildConfigurations = (
				9118AA962B5023C90067F306 /* Debug */,
				9118AA972B5023C90067F306 /* Release */,
			);
			defaultConfigurationIsVisible = 0;
			defaultConfigurationName = Release;
		};
		91469F1A2AA6876B003A3B06 /* Build configuration list for PBXProject "Tracker" */ = {
			isa = XCConfigurationList;
			buildConfigurations = (
				91469F312AA6876D003A3B06 /* Debug */,
				91469F322AA6876D003A3B06 /* Release */,
			);
			defaultConfigurationIsVisible = 0;
			defaultConfigurationName = Release;
		};
		91469F332AA6876D003A3B06 /* Build configuration list for PBXNativeTarget "Tracker" */ = {
			isa = XCConfigurationList;
			buildConfigurations = (
				91469F342AA6876D003A3B06 /* Debug */,
				91469F352AA6876D003A3B06 /* Release */,
			);
			defaultConfigurationIsVisible = 0;
			defaultConfigurationName = Release;
		};
/* End XCConfigurationList section */

/* Begin XCRemoteSwiftPackageReference section */
		9118AA862B50234D0067F306 /* XCRemoteSwiftPackageReference "swift-snapshot-testing" */ = {
			isa = XCRemoteSwiftPackageReference;
			repositoryURL = "https://github.com/pointfreeco/swift-snapshot-testing";
			requirement = {
				kind = exactVersion;
				version = 1.15.2;
			};
		};
/* End XCRemoteSwiftPackageReference section */

/* Begin XCSwiftPackageProductDependency section */
		9118AA872B50234D0067F306 /* InlineSnapshotTesting */ = {
			isa = XCSwiftPackageProductDependency;
			package = 9118AA862B50234D0067F306 /* XCRemoteSwiftPackageReference "swift-snapshot-testing" */;
			productName = InlineSnapshotTesting;
		};
		9118AA892B50234D0067F306 /* SnapshotTesting */ = {
			isa = XCSwiftPackageProductDependency;
			package = 9118AA862B50234D0067F306 /* XCRemoteSwiftPackageReference "swift-snapshot-testing" */;
			productName = SnapshotTesting;
		};
		917A84402B507D2000A5E411 /* InlineSnapshotTesting */ = {
			isa = XCSwiftPackageProductDependency;
			package = 9118AA862B50234D0067F306 /* XCRemoteSwiftPackageReference "swift-snapshot-testing" */;
			productName = InlineSnapshotTesting;
		};
		917A84422B507D2000A5E411 /* SnapshotTesting */ = {
			isa = XCSwiftPackageProductDependency;
			package = 9118AA862B50234D0067F306 /* XCRemoteSwiftPackageReference "swift-snapshot-testing" */;
			productName = SnapshotTesting;
		};
/* End XCSwiftPackageProductDependency section */

/* Begin XCVersionGroup section */
		91D905CE2B13C7B6009C638A /* TrackerModel.xcdatamodeld */ = {
			isa = XCVersionGroup;
			children = (
				91D905CF2B13C7B6009C638A /* TrackerModel.xcdatamodel */,
			);
			currentVersion = 91D905CF2B13C7B6009C638A /* TrackerModel.xcdatamodel */;
			path = TrackerModel.xcdatamodeld;
			sourceTree = "<group>";
			versionGroupType = wrapper.xcdatamodel;
		};
/* End XCVersionGroup section */
	};
	rootObject = 91469F172AA6876B003A3B06 /* Project object */;
}
